
Microsoft Visual Studio Solution File, Format Version 12.00
# Visual Studio Version 17
VisualStudioVersion = 17.5.33424.131
MinimumVisualStudioVersion = 10.0.40219.1
Project("{FAE04EC0-301F-11D3-BF4B-00C04F79EFBC}") = "WpfApp2", "WpfApp2\WpfApp2.csproj", "{3733EF67-D329-46FF-905B-972BB7C392AE}"
EndProject
Global
	GlobalSection(SolutionConfigurationPlatforms) = preSolution
		Debug|Any CPU = Debug|Any CPU
		Release|Any CPU = Release|Any CPU
	EndGlobalSection
	GlobalSection(ProjectConfigurationPlatforms) = postSolution
		{3733EF67-D329-46FF-905B-972BB7C392AE}.Debug|Any CPU.ActiveCfg = Debug|Any CPU
		{3733EF67-D329-46FF-905B-972BB7C392AE}.Debug|Any CPU.Build.0 = Debug|Any CPU
		{3733EF67-D329-46FF-905B-972BB7C392AE}.Release|Any CPU.ActiveCfg = Release|Any CPU
		{3733EF67-D329-46FF-905B-972BB7C392AE}.Release|Any CPU.Build.0 = Release|Any CPU
	EndGlobalSection
	GlobalSection(SolutionProperties) = preSolution
		HideSolutionNode = FALSE
	EndGlobalSection
	GlobalSection(ExtensibilityGlobals) = postSolution
		SolutionGuid = {F4BCC537-39A4-4649-86A5-0A28DFF57A9B}
	EndGlobalSection
EndGlobal
